
Microsoft Visual Studio Solution File, Format Version 12.00
# Visual Studio 15
VisualStudioVersion = 15.0.26730.12
MinimumVisualStudioVersion = 10.0.40219.1
Project("{FAE04EC0-301F-11D3-BF4B-00C04F79EFBC}") = "TodoGenericRepo.Android", "TodoGenericRepo\TodoGenericRepo.Android\TodoGenericRepo.Android.csproj", "{BA0E2463-2D7B-4212-9A5A-080E60B2DE4E}"
EndProject
Project("{FAE04EC0-301F-11D3-BF4B-00C04F79EFBC}") = "TodoGenericRepo", "TodoGenericRepo\TodoGenericRepo\TodoGenericRepo.csproj", "{C31B6E48-7E39-461A-8A7F-9A8D217983DC}"
EndProject
Project("{FAE04EC0-301F-11D3-BF4B-00C04F79EFBC}") = "TodoGenericRepo.UWP", "TodoGenericRepo\TodoGenericRepo.UWP\TodoGenericRepo.UWP.csproj", "{579484C5-032C-49D7-8E3C-4252501178AD}"
EndProject
Project("{FAE04EC0-301F-11D3-BF4B-00C04F79EFBC}") = "TodoGenericRepo.iOS", "TodoGenericRepo\TodoGenericRepo.iOS\TodoGenericRepo.iOS.csproj", "{DBEBC3AF-1ABE-4193-A4E2-F29C0C2EB017}"
EndProject
Global
	GlobalSection(SolutionConfigurationPlatforms) = preSolution
		Ad-Hoc|Any CPU = Ad-Hoc|Any CPU
		Ad-Hoc|ARM = Ad-Hoc|ARM
		Ad-Hoc|iPhone = Ad-Hoc|iPhone
		Ad-Hoc|iPhoneSimulator = Ad-Hoc|iPhoneSimulator
		Ad-Hoc|x64 = Ad-Hoc|x64
		Ad-Hoc|x86 = Ad-Hoc|x86
		AppStore|Any CPU = AppStore|Any CPU
		AppStore|ARM = AppStore|ARM
		AppStore|iPhone = AppStore|iPhone
		AppStore|iPhoneSimulator = AppStore|iPhoneSimulator
		AppStore|x64 = AppStore|x64
		AppStore|x86 = AppStore|x86
		Debug|Any CPU = Debug|Any CPU
		Debug|ARM = Debug|ARM
		Debug|iPhone = Debug|iPhone
		Debug|iPhoneSimulator = Debug|iPhoneSimulator
		Debug|x64 = Debug|x64
		Debug|x86 = Debug|x86
		Release|Any CPU = Release|Any CPU
		Release|ARM = Release|ARM
		Release|iPhone = Release|iPhone
		Release|iPhoneSimulator = Release|iPhoneSimulator
		Release|x64 = Release|x64
		Release|x86 = Release|x86
	EndGlobalSection
	GlobalSection(ProjectConfigurationPlatforms) = postSolution
		{BA0E2463-2D7B-4212-9A5A-080E60B2DE4E}.Ad-Hoc|Any CPU.ActiveCfg = Release|Any CPU
		{BA0E2463-2D7B-4212-9A5A-080E60B2DE4E}.Ad-Hoc|Any CPU.Build.0 = Release|Any CPU
		{BA0E2463-2D7B-4212-9A5A-080E60B2DE4E}.Ad-Hoc|Any CPU.Deploy.0 = Release|Any CPU
		{BA0E2463-2D7B-4212-9A5A-080E60B2DE4E}.Ad-Hoc|ARM.ActiveCfg = Release|Any CPU
		{BA0E2463-2D7B-4212-9A5A-080E60B2DE4E}.Ad-Hoc|ARM.Build.0 = Release|Any CPU
		{BA0E2463-2D7B-4212-9A5A-080E60B2DE4E}.Ad-Hoc|ARM.Deploy.0 = Release|Any CPU
		{BA0E2463-2D7B-4212-9A5A-080E60B2DE4E}.Ad-Hoc|iPhone.ActiveCfg = Release|Any CPU
		{BA0E2463-2D7B-4212-9A5A-080E60B2DE4E}.Ad-Hoc|iPhone.Build.0 = Release|Any CPU
		{BA0E2463-2D7B-4212-9A5A-080E60B2DE4E}.Ad-Hoc|iPhone.Deploy.0 = Release|Any CPU
		{BA0E2463-2D7B-4212-9A5A-080E60B2DE4E}.Ad-Hoc|iPhoneSimulator.ActiveCfg = Release|Any CPU
		{BA0E2463-2D7B-4212-9A5A-080E60B2DE4E}.Ad-Hoc|iPhoneSimulator.Build.0 = Release|Any CPU
		{BA0E2463-2D7B-4212-9A5A-080E60B2DE4E}.Ad-Hoc|iPhoneSimulator.Deploy.0 = Release|Any CPU
		{BA0E2463-2D7B-4212-9A5A-080E60B2DE4E}.Ad-Hoc|x64.ActiveCfg = Release|Any CPU
		{BA0E2463-2D7B-4212-9A5A-080E60B2DE4E}.Ad-Hoc|x64.Build.0 = Release|Any CPU
		{BA0E2463-2D7B-4212-9A5A-080E60B2DE4E}.Ad-Hoc|x64.Deploy.0 = Release|Any CPU
		{BA0E2463-2D7B-4212-9A5A-080E60B2DE4E}.Ad-Hoc|x86.ActiveCfg = Release|Any CPU
		{BA0E2463-2D7B-4212-9A5A-080E60B2DE4E}.Ad-Hoc|x86.Build.0 = Release|Any CPU
		{BA0E2463-2D7B-4212-9A5A-080E60B2DE4E}.Ad-Hoc|x86.Deploy.0 = Release|Any CPU
		{BA0E2463-2D7B-4212-9A5A-080E60B2DE4E}.AppStore|Any CPU.ActiveCfg = Release|Any CPU
		{BA0E2463-2D7B-4212-9A5A-080E60B2DE4E}.AppStore|Any CPU.Build.0 = Release|Any CPU
		{BA0E2463-2D7B-4212-9A5A-080E60B2DE4E}.AppStore|Any CPU.Deploy.0 = Release|Any CPU
		{BA0E2463-2D7B-4212-9A5A-080E60B2DE4E}.AppStore|ARM.ActiveCfg = Release|Any CPU
		{BA0E2463-2D7B-4212-9A5A-080E60B2DE4E}.AppStore|ARM.Build.0 = Release|Any CPU
		{BA0E2463-2D7B-4212-9A5A-080E60B2DE4E}.AppStore|ARM.Deploy.0 = Release|Any CPU
		{BA0E2463-2D7B-4212-9A5A-080E60B2DE4E}.AppStore|iPhone.ActiveCfg = Release|Any CPU
		{BA0E2463-2D7B-4212-9A5A-080E60B2DE4E}.AppStore|iPhone.Build.0 = Release|Any CPU
		{BA0E2463-2D7B-4212-9A5A-080E60B2DE4E}.AppStore|iPhone.Deploy.0 = Release|Any CPU
		{BA0E2463-2D7B-4212-9A5A-080E60B2DE4E}.AppStore|iPhoneSimulator.ActiveCfg = Release|Any CPU
		{BA0E2463-2D7B-4212-9A5A-080E60B2DE4E}.AppStore|iPhoneSimulator.Build.0 = Release|Any CPU
		{BA0E2463-2D7B-4212-9A5A-080E60B2DE4E}.AppStore|iPhoneSimulator.Deploy.0 = Release|Any CPU
		{BA0E2463-2D7B-4212-9A5A-080E60B2DE4E}.AppStore|x64.ActiveCfg = Release|Any CPU
		{BA0E2463-2D7B-4212-9A5A-080E60B2DE4E}.AppStore|x64.Build.0 = Release|Any CPU
		{BA0E2463-2D7B-4212-9A5A-080E60B2DE4E}.AppStore|x64.Deploy.0 = Release|Any CPU
		{BA0E2463-2D7B-4212-9A5A-080E60B2DE4E}.AppStore|x86.ActiveCfg = Release|Any CPU
		{BA0E2463-2D7B-4212-9A5A-080E60B2DE4E}.AppStore|x86.Build.0 = Release|Any CPU
		{BA0E2463-2D7B-4212-9A5A-080E60B2DE4E}.AppStore|x86.Deploy.0 = Release|Any CPU
		{BA0E2463-2D7B-4212-9A5A-080E60B2DE4E}.Debug|Any CPU.ActiveCfg = Debug|Any CPU
		{BA0E2463-2D7B-4212-9A5A-080E60B2DE4E}.Debug|Any CPU.Build.0 = Debug|Any CPU
		{BA0E2463-2D7B-4212-9A5A-080E60B2DE4E}.Debug|Any CPU.Deploy.0 = Debug|Any CPU
		{BA0E2463-2D7B-4212-9A5A-080E60B2DE4E}.Debug|ARM.ActiveCfg = Debug|Any CPU
		{BA0E2463-2D7B-4212-9A5A-080E60B2DE4E}.Debug|ARM.Build.0 = Debug|Any CPU
		{BA0E2463-2D7B-4212-9A5A-080E60B2DE4E}.Debug|ARM.Deploy.0 = Debug|Any CPU
		{BA0E2463-2D7B-4212-9A5A-080E60B2DE4E}.Debug|iPhone.ActiveCfg = Debug|Any CPU
		{BA0E2463-2D7B-4212-9A5A-080E60B2DE4E}.Debug|iPhone.Build.0 = Debug|Any CPU
		{BA0E2463-2D7B-4212-9A5A-080E60B2DE4E}.Debug|iPhone.Deploy.0 = Debug|Any CPU
		{BA0E2463-2D7B-4212-9A5A-080E60B2DE4E}.Debug|iPhoneSimulator.ActiveCfg = Debug|Any CPU
		{BA0E2463-2D7B-4212-9A5A-080E60B2DE4E}.Debug|iPhoneSimulator.Build.0 = Debug|Any CPU
		{BA0E2463-2D7B-4212-9A5A-080E60B2DE4E}.Debug|iPhoneSimulator.Deploy.0 = Debug|Any CPU
		{BA0E2463-2D7B-4212-9A5A-080E60B2DE4E}.Debug|x64.ActiveCfg = Debug|Any CPU
		{BA0E2463-2D7B-4212-9A5A-080E60B2DE4E}.Debug|x64.Build.0 = Debug|Any CPU
		{BA0E2463-2D7B-4212-9A5A-080E60B2DE4E}.Debug|x64.Deploy.0 = Debug|Any CPU
		{BA0E2463-2D7B-4212-9A5A-080E60B2DE4E}.Debug|x86.ActiveCfg = Debug|Any CPU
		{BA0E2463-2D7B-4212-9A5A-080E60B2DE4E}.Debug|x86.Build.0 = Debug|Any CPU
		{BA0E2463-2D7B-4212-9A5A-080E60B2DE4E}.Debug|x86.Deploy.0 = Debug|Any CPU
		{BA0E2463-2D7B-4212-9A5A-080E60B2DE4E}.Release|Any CPU.ActiveCfg = Release|Any CPU
		{BA0E2463-2D7B-4212-9A5A-080E60B2DE4E}.Release|Any CPU.Build.0 = Release|Any CPU
		{BA0E2463-2D7B-4212-9A5A-080E60B2DE4E}.Release|Any CPU.Deploy.0 = Release|Any CPU
		{BA0E2463-2D7B-4212-9A5A-080E60B2DE4E}.Release|ARM.ActiveCfg = Release|Any CPU
		{BA0E2463-2D7B-4212-9A5A-080E60B2DE4E}.Release|ARM.Build.0 = Release|Any CPU
		{BA0E2463-2D7B-4212-9A5A-080E60B2DE4E}.Release|ARM.Deploy.0 = Release|Any CPU
		{BA0E2463-2D7B-4212-9A5A-080E60B2DE4E}.Release|iPhone.ActiveCfg = Release|Any CPU
		{BA0E2463-2D7B-4212-9A5A-080E60B2DE4E}.Release|iPhone.Build.0 = Release|Any CPU
		{BA0E2463-2D7B-4212-9A5A-080E60B2DE4E}.Release|iPhone.Deploy.0 = Release|Any CPU
		{BA0E2463-2D7B-4212-9A5A-080E60B2DE4E}.Release|iPhoneSimulator.ActiveCfg = Release|Any CPU
		{BA0E2463-2D7B-4212-9A5A-080E60B2DE4E}.Release|iPhoneSimulator.Build.0 = Release|Any CPU
		{BA0E2463-2D7B-4212-9A5A-080E60B2DE4E}.Release|iPhoneSimulator.Deploy.0 = Release|Any CPU
		{BA0E2463-2D7B-4212-9A5A-080E60B2DE4E}.Release|x64.ActiveCfg = Release|Any CPU
		{BA0E2463-2D7B-4212-9A5A-080E60B2DE4E}.Release|x64.Build.0 = Release|Any CPU
		{BA0E2463-2D7B-4212-9A5A-080E60B2DE4E}.Release|x64.Deploy.0 = Release|Any CPU
		{BA0E2463-2D7B-4212-9A5A-080E60B2DE4E}.Release|x86.ActiveCfg = Release|Any CPU
		{BA0E2463-2D7B-4212-9A5A-080E60B2DE4E}.Release|x86.Build.0 = Release|Any CPU
		{BA0E2463-2D7B-4212-9A5A-080E60B2DE4E}.Release|x86.Deploy.0 = Release|Any CPU
		{C31B6E48-7E39-461A-8A7F-9A8D217983DC}.Ad-Hoc|Any CPU.ActiveCfg = Release|Any CPU
		{C31B6E48-7E39-461A-8A7F-9A8D217983DC}.Ad-Hoc|Any CPU.Build.0 = Release|Any CPU
		{C31B6E48-7E39-461A-8A7F-9A8D217983DC}.Ad-Hoc|ARM.ActiveCfg = Release|Any CPU
		{C31B6E48-7E39-461A-8A7F-9A8D217983DC}.Ad-Hoc|ARM.Build.0 = Release|Any CPU
		{C31B6E48-7E39-461A-8A7F-9A8D217983DC}.Ad-Hoc|iPhone.ActiveCfg = Release|Any CPU
		{C31B6E48-7E39-461A-8A7F-9A8D217983DC}.Ad-Hoc|iPhone.Build.0 = Release|Any CPU
		{C31B6E48-7E39-461A-8A7F-9A8D217983DC}.Ad-Hoc|iPhoneSimulator.ActiveCfg = Release|Any CPU
		{C31B6E48-7E39-461A-8A7F-9A8D217983DC}.Ad-Hoc|iPhoneSimulator.Build.0 = Release|Any CPU
		{C31B6E48-7E39-461A-8A7F-9A8D217983DC}.Ad-Hoc|x64.ActiveCfg = Release|Any CPU
		{C31B6E48-7E39-461A-8A7F-9A8D217983DC}.Ad-Hoc|x64.Build.0 = Release|Any CPU
		{C31B6E48-7E39-461A-8A7F-9A8D217983DC}.Ad-Hoc|x86.ActiveCfg = Release|Any CPU
		{C31B6E48-7E39-461A-8A7F-9A8D217983DC}.Ad-Hoc|x86.Build.0 = Release|Any CPU
		{C31B6E48-7E39-461A-8A7F-9A8D217983DC}.AppStore|Any CPU.ActiveCfg = Release|Any CPU
		{C31B6E48-7E39-461A-8A7F-9A8D217983DC}.AppStore|Any CPU.Build.0 = Release|Any CPU
		{C31B6E48-7E39-461A-8A7F-9A8D217983DC}.AppStore|ARM.ActiveCfg = Release|Any CPU
		{C31B6E48-7E39-461A-8A7F-9A8D217983DC}.AppStore|ARM.Build.0 = Release|Any CPU
		{C31B6E48-7E39-461A-8A7F-9A8D217983DC}.AppStore|iPhone.ActiveCfg = Release|Any CPU
		{C31B6E48-7E39-461A-8A7F-9A8D217983DC}.AppStore|iPhone.Build.0 = Release|Any CPU
		{C31B6E48-7E39-461A-8A7F-9A8D217983DC}.AppStore|iPhoneSimulator.ActiveCfg = Release|Any CPU
		{C31B6E48-7E39-461A-8A7F-9A8D217983DC}.AppStore|iPhoneSimulator.Build.0 = Release|Any CPU
		{C31B6E48-7E39-461A-8A7F-9A8D217983DC}.AppStore|x64.ActiveCfg = Release|Any CPU
		{C31B6E48-7E39-461A-8A7F-9A8D217983DC}.AppStore|x64.Build.0 = Release|Any CPU
		{C31B6E48-7E39-461A-8A7F-9A8D217983DC}.AppStore|x86.ActiveCfg = Release|Any CPU
		{C31B6E48-7E39-461A-8A7F-9A8D217983DC}.AppStore|x86.Build.0 = Release|Any CPU
		{C31B6E48-7E39-461A-8A7F-9A8D217983DC}.Debug|Any CPU.ActiveCfg = Debug|Any CPU
		{C31B6E48-7E39-461A-8A7F-9A8D217983DC}.Debug|Any CPU.Build.0 = Debug|Any CPU
		{C31B6E48-7E39-461A-8A7F-9A8D217983DC}.Debug|ARM.ActiveCfg = Debug|Any CPU
		{C31B6E48-7E39-461A-8A7F-9A8D217983DC}.Debug|ARM.Build.0 = Debug|Any CPU
		{C31B6E48-7E39-461A-8A7F-9A8D217983DC}.Debug|iPhone.ActiveCfg = Debug|Any CPU
		{C31B6E48-7E39-461A-8A7F-9A8D217983DC}.Debug|iPhone.Build.0 = Debug|Any CPU
		{C31B6E48-7E39-461A-8A7F-9A8D217983DC}.Debug|iPhoneSimulator.ActiveCfg = Debug|Any CPU
		{C31B6E48-7E39-461A-8A7F-9A8D217983DC}.Debug|iPhoneSimulator.Build.0 = Debug|Any CPU
		{C31B6E48-7E39-461A-8A7F-9A8D217983DC}.Debug|x64.ActiveCfg = Debug|Any CPU
		{C31B6E48-7E39-461A-8A7F-9A8D217983DC}.Debug|x64.Build.0 = Debug|Any CPU
		{C31B6E48-7E39-461A-8A7F-9A8D217983DC}.Debug|x86.ActiveCfg = Debug|Any CPU
		{C31B6E48-7E39-461A-8A7F-9A8D217983DC}.Debug|x86.Build.0 = Debug|Any CPU
		{C31B6E48-7E39-461A-8A7F-9A8D217983DC}.Release|Any CPU.ActiveCfg = Release|Any CPU
		{C31B6E48-7E39-461A-8A7F-9A8D217983DC}.Release|Any CPU.Build.0 = Release|Any CPU
		{C31B6E48-7E39-461A-8A7F-9A8D217983DC}.Release|ARM.ActiveCfg = Release|Any CPU
		{C31B6E48-7E39-461A-8A7F-9A8D217983DC}.Release|ARM.Build.0 = Release|Any CPU
		{C31B6E48-7E39-461A-8A7F-9A8D217983DC}.Release|iPhone.ActiveCfg = Release|Any CPU
		{C31B6E48-7E39-461A-8A7F-9A8D217983DC}.Release|iPhone.Build.0 = Release|Any CPU
		{C31B6E48-7E39-461A-8A7F-9A8D217983DC}.Release|iPhoneSimulator.ActiveCfg = Release|Any CPU
		{C31B6E48-7E39-461A-8A7F-9A8D217983DC}.Release|iPhoneSimulator.Build.0 = Release|Any CPU
		{C31B6E48-7E39-461A-8A7F-9A8D217983DC}.Release|x64.ActiveCfg = Release|Any CPU
		{C31B6E48-7E39-461A-8A7F-9A8D217983DC}.Release|x64.Build.0 = Release|Any CPU
		{C31B6E48-7E39-461A-8A7F-9A8D217983DC}.Release|x86.ActiveCfg = Release|Any CPU
		{C31B6E48-7E39-461A-8A7F-9A8D217983DC}.Release|x86.Build.0 = Release|Any CPU
		{579484C5-032C-49D7-8E3C-4252501178AD}.Ad-Hoc|Any CPU.ActiveCfg = Release|x86
		{579484C5-032C-49D7-8E3C-4252501178AD}.Ad-Hoc|Any CPU.Build.0 = Release|x86
		{579484C5-032C-49D7-8E3C-4252501178AD}.Ad-Hoc|Any CPU.Deploy.0 = Release|x86
		{579484C5-032C-49D7-8E3C-4252501178AD}.Ad-Hoc|ARM.ActiveCfg = Release|ARM
		{579484C5-032C-49D7-8E3C-4252501178AD}.Ad-Hoc|ARM.Build.0 = Release|ARM
		{579484C5-032C-49D7-8E3C-4252501178AD}.Ad-Hoc|ARM.Deploy.0 = Release|ARM
		{579484C5-032C-49D7-8E3C-4252501178AD}.Ad-Hoc|iPhone.ActiveCfg = Release|x86
		{579484C5-032C-49D7-8E3C-4252501178AD}.Ad-Hoc|iPhone.Build.0 = Release|x86
		{579484C5-032C-49D7-8E3C-4252501178AD}.Ad-Hoc|iPhone.Deploy.0 = Release|x86
		{579484C5-032C-49D7-8E3C-4252501178AD}.Ad-Hoc|iPhoneSimulator.ActiveCfg = Release|x86
		{579484C5-032C-49D7-8E3C-4252501178AD}.Ad-Hoc|iPhoneSimulator.Build.0 = Release|x86
		{579484C5-032C-49D7-8E3C-4252501178AD}.Ad-Hoc|iPhoneSimulator.Deploy.0 = Release|x86
		{579484C5-032C-49D7-8E3C-4252501178AD}.Ad-Hoc|x64.ActiveCfg = Release|x64
		{579484C5-032C-49D7-8E3C-4252501178AD}.Ad-Hoc|x64.Build.0 = Release|x64
		{579484C5-032C-49D7-8E3C-4252501178AD}.Ad-Hoc|x64.Deploy.0 = Release|x64
		{579484C5-032C-49D7-8E3C-4252501178AD}.Ad-Hoc|x86.ActiveCfg = Release|x86
		{579484C5-032C-49D7-8E3C-4252501178AD}.Ad-Hoc|x86.Build.0 = Release|x86
		{579484C5-032C-49D7-8E3C-4252501178AD}.Ad-Hoc|x86.Deploy.0 = Release|x86
		{579484C5-032C-49D7-8E3C-4252501178AD}.AppStore|Any CPU.ActiveCfg = Release|x86
		{579484C5-032C-49D7-8E3C-4252501178AD}.AppStore|Any CPU.Build.0 = Release|x86
		{579484C5-032C-49D7-8E3C-4252501178AD}.AppStore|Any CPU.Deploy.0 = Release|x86
		{579484C5-032C-49D7-8E3C-4252501178AD}.AppStore|ARM.ActiveCfg = Release|ARM
		{579484C5-032C-49D7-8E3C-4252501178AD}.AppStore|ARM.Build.0 = Release|ARM
		{579484C5-032C-49D7-8E3C-4252501178AD}.AppStore|ARM.Deploy.0 = Release|ARM
		{579484C5-032C-49D7-8E3C-4252501178AD}.AppStore|iPhone.ActiveCfg = Release|x86
		{579484C5-032C-49D7-8E3C-4252501178AD}.AppStore|iPhone.Build.0 = Release|x86
		{579484C5-032C-49D7-8E3C-4252501178AD}.AppStore|iPhone.Deploy.0 = Release|x86
		{579484C5-032C-49D7-8E3C-4252501178AD}.AppStore|iPhoneSimulator.ActiveCfg = Release|x86
		{579484C5-032C-49D7-8E3C-4252501178AD}.AppStore|iPhoneSimulator.Build.0 = Release|x86
		{579484C5-032C-49D7-8E3C-4252501178AD}.AppStore|iPhoneSimulator.Deploy.0 = Release|x86
		{579484C5-032C-49D7-8E3C-4252501178AD}.AppStore|x64.ActiveCfg = Release|x64
		{579484C5-032C-49D7-8E3C-4252501178AD}.AppStore|x64.Build.0 = Release|x64
		{579484C5-032C-49D7-8E3C-4252501178AD}.AppStore|x64.Deploy.0 = Release|x64
		{579484C5-032C-49D7-8E3C-4252501178AD}.AppStore|x86.ActiveCfg = Release|x86
		{579484C5-032C-49D7-8E3C-4252501178AD}.AppStore|x86.Build.0 = Release|x86
		{579484C5-032C-49D7-8E3C-4252501178AD}.AppStore|x86.Deploy.0 = Release|x86
		{579484C5-032C-49D7-8E3C-4252501178AD}.Debug|Any CPU.ActiveCfg = Debug|x86
		{579484C5-032C-49D7-8E3C-4252501178AD}.Debug|ARM.ActiveCfg = Debug|ARM
		{579484C5-032C-49D7-8E3C-4252501178AD}.Debug|ARM.Build.0 = Debug|ARM
		{579484C5-032C-49D7-8E3C-4252501178AD}.Debug|ARM.Deploy.0 = Debug|ARM
		{579484C5-032C-49D7-8E3C-4252501178AD}.Debug|iPhone.ActiveCfg = Debug|x86
		{579484C5-032C-49D7-8E3C-4252501178AD}.Debug|iPhoneSimulator.ActiveCfg = Debug|x86
		{579484C5-032C-49D7-8E3C-4252501178AD}.Debug|x64.ActiveCfg = Debug|x64
		{579484C5-032C-49D7-8E3C-4252501178AD}.Debug|x64.Build.0 = Debug|x64
		{579484C5-032C-49D7-8E3C-4252501178AD}.Debug|x64.Deploy.0 = Debug|x64
		{579484C5-032C-49D7-8E3C-4252501178AD}.Debug|x86.ActiveCfg = Debug|x86
		{579484C5-032C-49D7-8E3C-4252501178AD}.Debug|x86.Build.0 = Debug|x86
		{579484C5-032C-49D7-8E3C-4252501178AD}.Debug|x86.Deploy.0 = Debug|x86
		{579484C5-032C-49D7-8E3C-4252501178AD}.Release|Any CPU.ActiveCfg = Release|x86
		{579484C5-032C-49D7-8E3C-4252501178AD}.Release|ARM.ActiveCfg = Release|ARM
		{579484C5-032C-49D7-8E3C-4252501178AD}.Release|ARM.Build.0 = Release|ARM
		{579484C5-032C-49D7-8E3C-4252501178AD}.Release|ARM.Deploy.0 = Release|ARM
		{579484C5-032C-49D7-8E3C-4252501178AD}.Release|iPhone.ActiveCfg = Release|x86
		{579484C5-032C-49D7-8E3C-4252501178AD}.Release|iPhoneSimulator.ActiveCfg = Release|x86
		{579484C5-032C-49D7-8E3C-4252501178AD}.Release|x64.ActiveCfg = Release|x64
		{579484C5-032C-49D7-8E3C-4252501178AD}.Release|x64.Build.0 = Release|x64
		{579484C5-032C-49D7-8E3C-4252501178AD}.Release|x64.Deploy.0 = Release|x64
		{579484C5-032C-49D7-8E3C-4252501178AD}.Release|x86.ActiveCfg = Release|x86
		{579484C5-032C-49D7-8E3C-4252501178AD}.Release|x86.Build.0 = Release|x86
		{579484C5-032C-49D7-8E3C-4252501178AD}.Release|x86.Deploy.0 = Release|x86
		{DBEBC3AF-1ABE-4193-A4E2-F29C0C2EB017}.Ad-Hoc|Any CPU.ActiveCfg = Ad-Hoc|iPhone
		{DBEBC3AF-1ABE-4193-A4E2-F29C0C2EB017}.Ad-Hoc|ARM.ActiveCfg = Ad-Hoc|iPhone
		{DBEBC3AF-1ABE-4193-A4E2-F29C0C2EB017}.Ad-Hoc|iPhone.ActiveCfg = Ad-Hoc|iPhone
		{DBEBC3AF-1ABE-4193-A4E2-F29C0C2EB017}.Ad-Hoc|iPhone.Build.0 = Ad-Hoc|iPhone
		{DBEBC3AF-1ABE-4193-A4E2-F29C0C2EB017}.Ad-Hoc|iPhoneSimulator.ActiveCfg = Ad-Hoc|iPhoneSimulator
		{DBEBC3AF-1ABE-4193-A4E2-F29C0C2EB017}.Ad-Hoc|iPhoneSimulator.Build.0 = Ad-Hoc|iPhoneSimulator
		{DBEBC3AF-1ABE-4193-A4E2-F29C0C2EB017}.Ad-Hoc|x64.ActiveCfg = Ad-Hoc|iPhone
		{DBEBC3AF-1ABE-4193-A4E2-F29C0C2EB017}.Ad-Hoc|x86.ActiveCfg = Ad-Hoc|iPhone
		{DBEBC3AF-1ABE-4193-A4E2-F29C0C2EB017}.AppStore|Any CPU.ActiveCfg = AppStore|iPhone
		{DBEBC3AF-1ABE-4193-A4E2-F29C0C2EB017}.AppStore|ARM.ActiveCfg = AppStore|iPhone
		{DBEBC3AF-1ABE-4193-A4E2-F29C0C2EB017}.AppStore|iPhone.ActiveCfg = AppStore|iPhone
		{DBEBC3AF-1ABE-4193-A4E2-F29C0C2EB017}.AppStore|iPhone.Build.0 = AppStore|iPhone
		{DBEBC3AF-1ABE-4193-A4E2-F29C0C2EB017}.AppStore|iPhoneSimulator.ActiveCfg = AppStore|iPhoneSimulator
		{DBEBC3AF-1ABE-4193-A4E2-F29C0C2EB017}.AppStore|iPhoneSimulator.Build.0 = AppStore|iPhoneSimulator
		{DBEBC3AF-1ABE-4193-A4E2-F29C0C2EB017}.AppStore|x64.ActiveCfg = AppStore|iPhone
		{DBEBC3AF-1ABE-4193-A4E2-F29C0C2EB017}.AppStore|x86.ActiveCfg = AppStore|iPhone
		{DBEBC3AF-1ABE-4193-A4E2-F29C0C2EB017}.Debug|Any CPU.ActiveCfg = Debug|iPhone
		{DBEBC3AF-1ABE-4193-A4E2-F29C0C2EB017}.Debug|ARM.ActiveCfg = Debug|iPhone
		{DBEBC3AF-1ABE-4193-A4E2-F29C0C2EB017}.Debug|iPhone.ActiveCfg = Debug|iPhone
		{DBEBC3AF-1ABE-4193-A4E2-F29C0C2EB017}.Debug|iPhone.Build.0 = Debug|iPhone
		{DBEBC3AF-1ABE-4193-A4E2-F29C0C2EB017}.Debug|iPhoneSimulator.ActiveCfg = Debug|iPhoneSimulator
		{DBEBC3AF-1ABE-4193-A4E2-F29C0C2EB017}.Debug|iPhoneSimulator.Build.0 = Debug|iPhoneSimulator
		{DBEBC3AF-1ABE-4193-A4E2-F29C0C2EB017}.Debug|x64.ActiveCfg = Debug|iPhone
		{DBEBC3AF-1ABE-4193-A4E2-F29C0C2EB017}.Debug|x86.ActiveCfg = Debug|iPhone
		{DBEBC3AF-1ABE-4193-A4E2-F29C0C2EB017}.Release|Any CPU.ActiveCfg = Release|iPhone
		{DBEBC3AF-1ABE-4193-A4E2-F29C0C2EB017}.Release|ARM.ActiveCfg = Release|iPhone
		{DBEBC3AF-1ABE-4193-A4E2-F29C0C2EB017}.Release|iPhone.ActiveCfg = Release|iPhone
		{DBEBC3AF-1ABE-4193-A4E2-F29C0C2EB017}.Release|iPhone.Build.0 = Release|iPhone
		{DBEBC3AF-1ABE-4193-A4E2-F29C0C2EB017}.Release|iPhoneSimulator.ActiveCfg = Release|iPhoneSimulator
		{DBEBC3AF-1ABE-4193-A4E2-F29C0C2EB017}.Release|iPhoneSimulator.Build.0 = Release|iPhoneSimulator
		{DBEBC3AF-1ABE-4193-A4E2-F29C0C2EB017}.Release|x64.ActiveCfg = Release|iPhone
		{DBEBC3AF-1ABE-4193-A4E2-F29C0C2EB017}.Release|x86.ActiveCfg = Release|iPhone
	EndGlobalSection
	GlobalSection(SolutionProperties) = preSolution
		HideSolutionNode = FALSE
	EndGlobalSection
	GlobalSection(ExtensibilityGlobals) = postSolution
		SolutionGuid = {2A43B606-94CE-4FCF-B83A-0F7715F34DE9}
	EndGlobalSection
EndGlobal
